
Microsoft Visual Studio Solution File, Format Version 12.00
# Visual Studio Version 17
VisualStudioVersion = 17.7.34031.279
MinimumVisualStudioVersion = 10.0.40219.1
Project("{FAE04EC0-301F-11D3-BF4B-00C04F79EFBC}") = "DeployAzureExample", "DeployAzureExample.csproj", "{94C47449-C352-4FC4-9D8F-34CB6C167070}"
EndProject
Global
	GlobalSection(SolutionConfigurationPlatforms) = preSolution
		Debug|Any CPU = Debug|Any CPU
		Release|Any CPU = Release|Any CPU
	EndGlobalSection
	GlobalSection(ProjectConfigurationPlatforms) = postSolution
		{94C47449-C352-4FC4-9D8F-34CB6C167070}.Debug|Any CPU.ActiveCfg = Debug|Any CPU
		{94C47449-C352-4FC4-9D8F-34CB6C167070}.Debug|Any CPU.Build.0 = Debug|Any CPU
		{94C47449-C352-4FC4-9D8F-34CB6C167070}.Release|Any CPU.ActiveCfg = Release|Any CPU
		{94C47449-C352-4FC4-9D8F-34CB6C167070}.Release|Any CPU.Build.0 = Release|Any CPU
	EndGlobalSection
	GlobalSection(SolutionProperties) = preSolution
		HideSolutionNode = FALSE
	EndGlobalSection
	GlobalSection(ExtensibilityGlobals) = postSolution
		SolutionGuid = {B3C8692F-CAD8-415F-84BC-8E0AEE15BA53}
	EndGlobalSection
EndGlobal
